
Microsoft Visual Studio Solution File, Format Version 12.00
# Visual Studio 15
VisualStudioVersion = 15.0.28010.2048
MinimumVisualStudioVersion = 10.0.40219.1
Project("{FAE04EC0-301F-11D3-BF4B-00C04F79EFBC}") = "BookKeeping.BLL", "BookKeeping.BLL\BookKeeping.BLL.csproj", "{4E9B16E8-4B08-437F-B9A3-1C96B17F5C81}"
EndProject
Project("{FAE04EC0-301F-11D3-BF4B-00C04F79EFBC}") = "BookKeeping.Common", "BookKeeping.Common\BookKeeping.Common.csproj", "{6C94C21A-3842-4067-BD60-4494CAD67ED5}"
EndProject
Project("{FAE04EC0-301F-11D3-BF4B-00C04F79EFBC}") = "BookKeeping.DAL", "BookKeeping.DAL\BookKeeping.DAL.csproj", "{3D8C49C9-E324-4362-8209-F09D756B82B9}"
EndProject
Project("{FAE04EC0-301F-11D3-BF4B-00C04F79EFBC}") = "BookKeeping.Model", "BookKeeping.Model\BookKeeping.Model.csproj", "{E755C707-5007-4467-B040-4F4E8C4C3653}"
EndProject
Project("{FAE04EC0-301F-11D3-BF4B-00C04F79EFBC}") = "BookKeeping.UI", "BookKeeping.UI\BookKeeping.UI.csproj", "{52CB37EB-F48A-46DE-AB48-1FCD94BF8C04}"
EndProject
Global
	GlobalSection(SolutionConfigurationPlatforms) = preSolution
		Debug|Any CPU = Debug|Any CPU
		Release|Any CPU = Release|Any CPU
	EndGlobalSection
	GlobalSection(ProjectConfigurationPlatforms) = postSolution
		{4E9B16E8-4B08-437F-B9A3-1C96B17F5C81}.Debug|Any CPU.ActiveCfg = Debug|Any CPU
		{4E9B16E8-4B08-437F-B9A3-1C96B17F5C81}.Debug|Any CPU.Build.0 = Debug|Any CPU
		{4E9B16E8-4B08-437F-B9A3-1C96B17F5C81}.Release|Any CPU.ActiveCfg = Release|Any CPU
		{4E9B16E8-4B08-437F-B9A3-1C96B17F5C81}.Release|Any CPU.Build.0 = Release|Any CPU
		{6C94C21A-3842-4067-BD60-4494CAD67ED5}.Debug|Any CPU.ActiveCfg = Debug|Any CPU
		{6C94C21A-3842-4067-BD60-4494CAD67ED5}.Debug|Any CPU.Build.0 = Debug|Any CPU
		{6C94C21A-3842-4067-BD60-4494CAD67ED5}.Release|Any CPU.ActiveCfg = Release|Any CPU
		{6C94C21A-3842-4067-BD60-4494CAD67ED5}.Release|Any CPU.Build.0 = Release|Any CPU
		{3D8C49C9-E324-4362-8209-F09D756B82B9}.Debug|Any CPU.ActiveCfg = Debug|Any CPU
		{3D8C49C9-E324-4362-8209-F09D756B82B9}.Debug|Any CPU.Build.0 = Debug|Any CPU
		{3D8C49C9-E324-4362-8209-F09D756B82B9}.Release|Any CPU.ActiveCfg = Release|Any CPU
		{3D8C49C9-E324-4362-8209-F09D756B82B9}.Release|Any CPU.Build.0 = Release|Any CPU
		{E755C707-5007-4467-B040-4F4E8C4C3653}.Debug|Any CPU.ActiveCfg = Debug|Any CPU
		{E755C707-5007-4467-B040-4F4E8C4C3653}.Debug|Any CPU.Build.0 = Debug|Any CPU
		{E755C707-5007-4467-B040-4F4E8C4C3653}.Release|Any CPU.ActiveCfg = Release|Any CPU
		{E755C707-5007-4467-B040-4F4E8C4C3653}.Release|Any CPU.Build.0 = Release|Any CPU
		{52CB37EB-F48A-46DE-AB48-1FCD94BF8C04}.Debug|Any CPU.ActiveCfg = Debug|Any CPU
		{52CB37EB-F48A-46DE-AB48-1FCD94BF8C04}.Debug|Any CPU.Build.0 = Debug|Any CPU
		{52CB37EB-F48A-46DE-AB48-1FCD94BF8C04}.Release|Any CPU.ActiveCfg = Release|Any CPU
		{52CB37EB-F48A-46DE-AB48-1FCD94BF8C04}.Release|Any CPU.Build.0 = Release|Any CPU
	EndGlobalSection
	GlobalSection(SolutionProperties) = preSolution
		HideSolutionNode = FALSE
	EndGlobalSection
	GlobalSection(ExtensibilityGlobals) = postSolution
		SolutionGuid = {0DD3A258-DDF5-47C6-9532-988BBB092CBF}
	EndGlobalSection
EndGlobal
